
Microsoft Visual Studio Solution File, Format Version 12.00
# Visual Studio Version 17
VisualStudioVersion = 17.1.32414.318
MinimumVisualStudioVersion = 10.0.40219.1
Project("{FAE04EC0-301F-11D3-BF4B-00C04F79EFBC}") = "C-Sharp-Lesson-3-Homework(S.Andrei)", "C-Sharp-Lesson-3-Homework(S.Andrei)\C-Sharp-Lesson-3-Homework(S.Andrei).csproj", "{08239FCD-43F3-4D1F-BF3D-5B55B26A22D5}"
EndProject
Global
	GlobalSection(SolutionConfigurationPlatforms) = preSolution
		Debug|Any CPU = Debug|Any CPU
		Release|Any CPU = Release|Any CPU
	EndGlobalSection
	GlobalSection(ProjectConfigurationPlatforms) = postSolution
		{08239FCD-43F3-4D1F-BF3D-5B55B26A22D5}.Debug|Any CPU.ActiveCfg = Debug|Any CPU
		{08239FCD-43F3-4D1F-BF3D-5B55B26A22D5}.Debug|Any CPU.Build.0 = Debug|Any CPU
		{08239FCD-43F3-4D1F-BF3D-5B55B26A22D5}.Release|Any CPU.ActiveCfg = Release|Any CPU
		{08239FCD-43F3-4D1F-BF3D-5B55B26A22D5}.Release|Any CPU.Build.0 = Release|Any CPU
	EndGlobalSection
	GlobalSection(SolutionProperties) = preSolution
		HideSolutionNode = FALSE
	EndGlobalSection
	GlobalSection(ExtensibilityGlobals) = postSolution
		SolutionGuid = {1F3544AB-A0F4-45B2-B109-59352212BBAC}
	EndGlobalSection
EndGlobal
